
Microsoft Visual Studio Solution File, Format Version 12.00
# Visual Studio Version 17
VisualStudioVersion = 17.9.34728.123
MinimumVisualStudioVersion = 10.0.40219.1
Project("{FAE04EC0-301F-11D3-BF4B-00C04F79EFBC}") = "PosTech.Contatos.View", "PosTech.Contatos.View.csproj", "{5D5897F4-EDED-4EBF-BA20-88057E01F8CC}"
EndProject
Global
	GlobalSection(SolutionConfigurationPlatforms) = preSolution
		Debug|Any CPU = Debug|Any CPU
		Release|Any CPU = Release|Any CPU
	EndGlobalSection
	GlobalSection(ProjectConfigurationPlatforms) = postSolution
		{5D5897F4-EDED-4EBF-BA20-88057E01F8CC}.Debug|Any CPU.ActiveCfg = Debug|Any CPU
		{5D5897F4-EDED-4EBF-BA20-88057E01F8CC}.Debug|Any CPU.Build.0 = Debug|Any CPU
		{5D5897F4-EDED-4EBF-BA20-88057E01F8CC}.Release|Any CPU.ActiveCfg = Release|Any CPU
		{5D5897F4-EDED-4EBF-BA20-88057E01F8CC}.Release|Any CPU.Build.0 = Release|Any CPU
	EndGlobalSection
	GlobalSection(SolutionProperties) = preSolution
		HideSolutionNode = FALSE
	EndGlobalSection
	GlobalSection(ExtensibilityGlobals) = postSolution
		SolutionGuid = {EB46C302-7113-4014-B926-85C763707B56}
	EndGlobalSection
EndGlobal
